
Microsoft Visual Studio Solution File, Format Version 12.00
# Visual Studio 2017
Project("{FAE04EC0-301F-11D3-BF4B-00C04F79EFBC}") = "dotnet_mysql", "dotnet_mysql.csproj", "{2621BBF4-00D8-4497-918C-7B61F73FAC6D}"
EndProject
Global
	GlobalSection(SolutionConfigurationPlatforms) = preSolution
		Debug|Any CPU = Debug|Any CPU
		Release|Any CPU = Release|Any CPU
	EndGlobalSection
	GlobalSection(ProjectConfigurationPlatforms) = postSolution
		{2621BBF4-00D8-4497-918C-7B61F73FAC6D}.Debug|Any CPU.ActiveCfg = Debug|Any CPU
		{2621BBF4-00D8-4497-918C-7B61F73FAC6D}.Debug|Any CPU.Build.0 = Debug|Any CPU
		{2621BBF4-00D8-4497-918C-7B61F73FAC6D}.Release|Any CPU.ActiveCfg = Release|Any CPU
		{2621BBF4-00D8-4497-918C-7B61F73FAC6D}.Release|Any CPU.Build.0 = Release|Any CPU
	EndGlobalSection
EndGlobal
